// !$*UTF8*$!
{
	archiveVersion = 1;
	classes = {
	};
	objectVersion = 56;
	objects = {

/* Begin PBXBuildFile section */
		4AA394782CBBF03700D86FB3 /* AppDelegate.swift in Sources */ = {isa = PBXBuildFile; fileRef = 4AA394772CBBF03700D86FB3 /* AppDelegate.swift */; };
		4AA3947A2CBBF03700D86FB3 /* SceneDelegate.swift in Sources */ = {isa = PBXBuildFile; fileRef = 4AA394792CBBF03700D86FB3 /* SceneDelegate.swift */; };
		4AA394812CBBF03B00D86FB3 /* Assets.xcassets in Resources */ = {isa = PBXBuildFile; fileRef = 4AA394802CBBF03B00D86FB3 /* Assets.xcassets */; };
		4AA394842CBBF03B00D86FB3 /* Base in Resources */ = {isa = PBXBuildFile; fileRef = 4AA394832CBBF03B00D86FB3 /* Base */; };
		4AA394AA2CBBF2FC00D86FB3 /* UIFont+Extension.swift in Sources */ = {isa = PBXBuildFile; fileRef = 4AA394A92CBBF2FC00D86FB3 /* UIFont+Extension.swift */; };
		4AA394AD2CBBF4AE00D86FB3 /* MasterCoordinator.swift in Sources */ = {isa = PBXBuildFile; fileRef = 4AA394AC2CBBF4AE00D86FB3 /* MasterCoordinator.swift */; };
		4AA394B12CBBF4CF00D86FB3 /* LoginView.swift in Sources */ = {isa = PBXBuildFile; fileRef = 4AA394B02CBBF4CF00D86FB3 /* LoginView.swift */; };
		4AA394B32CBBF4E100D86FB3 /* String+Extension.swift in Sources */ = {isa = PBXBuildFile; fileRef = 4AA394B22CBBF4E100D86FB3 /* String+Extension.swift */; };
		4AA394B52CBBF50300D86FB3 /* Localizable.xcstrings in Resources */ = {isa = PBXBuildFile; fileRef = 4AA394B42CBBF50300D86FB3 /* Localizable.xcstrings */; };
		4AA394B72CBBF5BE00D86FB3 /* JSTextField.swift in Sources */ = {isa = PBXBuildFile; fileRef = 4AA394B62CBBF5BE00D86FB3 /* JSTextField.swift */; };
		4AA394B92CBBF5D000D86FB3 /* JSSecondaryButton.swift in Sources */ = {isa = PBXBuildFile; fileRef = 4AA394B82CBBF5D000D86FB3 /* JSSecondaryButton.swift */; };
		4AA394BB2CBBF5EA00D86FB3 /* JSPrimaryButton.swift in Sources */ = {isa = PBXBuildFile; fileRef = 4AA394BA2CBBF5EA00D86FB3 /* JSPrimaryButton.swift */; };
		4AA394BD2CBBF60C00D86FB3 /* LoginViewController.swift in Sources */ = {isa = PBXBuildFile; fileRef = 4AA394BC2CBBF60C00D86FB3 /* LoginViewController.swift */; };
		4AA394C22CBC0DE700D86FB3 /* MockMasterCoordinator.swift in Sources */ = {isa = PBXBuildFile; fileRef = 4AA394C12CBC0DE700D86FB3 /* MockMasterCoordinator.swift */; };
		4AA394C52CBC0E0B00D86FB3 /* SceneDelegateTests.swift in Sources */ = {isa = PBXBuildFile; fileRef = 4AA394C42CBC0E0B00D86FB3 /* SceneDelegateTests.swift */; };
		4AA394C72CBC0E2200D86FB3 /* MasterCoordinatorTests.swift in Sources */ = {isa = PBXBuildFile; fileRef = 4AA394C62CBC0E2200D86FB3 /* MasterCoordinatorTests.swift */; };
		4AA394C92CBC10C500D86FB3 /* LoginViewModel.swift in Sources */ = {isa = PBXBuildFile; fileRef = 4AA394C82CBC10C500D86FB3 /* LoginViewModel.swift */; };
		4AA394CE2CBC1BC900D86FB3 /* LoginViewModelTests.swift in Sources */ = {isa = PBXBuildFile; fileRef = 4AA394CD2CBC1BC900D86FB3 /* LoginViewModelTests.swift */; };
		4AA394D12CBC1D3F00D86FB3 /* MockLoginViewModel.swift in Sources */ = {isa = PBXBuildFile; fileRef = 4AA394D02CBC1D3F00D86FB3 /* MockLoginViewModel.swift */; };
		4AA394D32CBC1DA900D86FB3 /* LoginViewControllerTests.swift in Sources */ = {isa = PBXBuildFile; fileRef = 4AA394D22CBC1DA900D86FB3 /* LoginViewControllerTests.swift */; };
/* End PBXBuildFile section */

/* Begin PBXContainerItemProxy section */
		4AA3948B2CBBF03B00D86FB3 /* PBXContainerItemProxy */ = {
			isa = PBXContainerItemProxy;
			containerPortal = 4AA3946C2CBBF03700D86FB3 /* Project object */;
			proxyType = 1;
			remoteGlobalIDString = 4AA394732CBBF03700D86FB3;
			remoteInfo = Jobseek;
		};
/* End PBXContainerItemProxy section */

/* Begin PBXFileReference section */
		4AA394742CBBF03700D86FB3 /* Jobseek.app */ = {isa = PBXFileReference; explicitFileType = wrapper.application; includeInIndex = 0; path = Jobseek.app; sourceTree = BUILT_PRODUCTS_DIR; };
		4AA394772CBBF03700D86FB3 /* AppDelegate.swift */ = {isa = PBXFileReference; lastKnownFileType = sourcecode.swift; path = AppDelegate.swift; sourceTree = "<group>"; };
		4AA394792CBBF03700D86FB3 /* SceneDelegate.swift */ = {isa = PBXFileReference; lastKnownFileType = sourcecode.swift; path = SceneDelegate.swift; sourceTree = "<group>"; };
		4AA394802CBBF03B00D86FB3 /* Assets.xcassets */ = {isa = PBXFileReference; lastKnownFileType = folder.assetcatalog; path = Assets.xcassets; sourceTree = "<group>"; };
		4AA394832CBBF03B00D86FB3 /* Base */ = {isa = PBXFileReference; lastKnownFileType = file.storyboard; name = Base; path = Base.lproj/LaunchScreen.storyboard; sourceTree = "<group>"; };
		4AA394852CBBF03B00D86FB3 /* Info.plist */ = {isa = PBXFileReference; lastKnownFileType = text.plist.xml; path = Info.plist; sourceTree = "<group>"; };
		4AA3948A2CBBF03B00D86FB3 /* JobseekTests.xctest */ = {isa = PBXFileReference; explicitFileType = wrapper.cfbundle; includeInIndex = 0; path = JobseekTests.xctest; sourceTree = BUILT_PRODUCTS_DIR; };
		4AA394A92CBBF2FC00D86FB3 /* UIFont+Extension.swift */ = {isa = PBXFileReference; lastKnownFileType = sourcecode.swift; path = "UIFont+Extension.swift"; sourceTree = "<group>"; };
		4AA394AC2CBBF4AE00D86FB3 /* MasterCoordinator.swift */ = {isa = PBXFileReference; lastKnownFileType = sourcecode.swift; path = MasterCoordinator.swift; sourceTree = "<group>"; };
		4AA394B02CBBF4CF00D86FB3 /* LoginView.swift */ = {isa = PBXFileReference; lastKnownFileType = sourcecode.swift; path = LoginView.swift; sourceTree = "<group>"; };
		4AA394B22CBBF4E100D86FB3 /* String+Extension.swift */ = {isa = PBXFileReference; lastKnownFileType = sourcecode.swift; path = "String+Extension.swift"; sourceTree = "<group>"; };
		4AA394B42CBBF50300D86FB3 /* Localizable.xcstrings */ = {isa = PBXFileReference; lastKnownFileType = text.json.xcstrings; path = Localizable.xcstrings; sourceTree = "<group>"; };
		4AA394B62CBBF5BE00D86FB3 /* JSTextField.swift */ = {isa = PBXFileReference; lastKnownFileType = sourcecode.swift; path = JSTextField.swift; sourceTree = "<group>"; };
		4AA394B82CBBF5D000D86FB3 /* JSSecondaryButton.swift */ = {isa = PBXFileReference; lastKnownFileType = sourcecode.swift; path = JSSecondaryButton.swift; sourceTree = "<group>"; };
		4AA394BA2CBBF5EA00D86FB3 /* JSPrimaryButton.swift */ = {isa = PBXFileReference; lastKnownFileType = sourcecode.swift; path = JSPrimaryButton.swift; sourceTree = "<group>"; };
		4AA394BC2CBBF60C00D86FB3 /* LoginViewController.swift */ = {isa = PBXFileReference; lastKnownFileType = sourcecode.swift; path = LoginViewController.swift; sourceTree = "<group>"; };
		4AA394C12CBC0DE700D86FB3 /* MockMasterCoordinator.swift */ = {isa = PBXFileReference; lastKnownFileType = sourcecode.swift; path = MockMasterCoordinator.swift; sourceTree = "<group>"; };
		4AA394C42CBC0E0B00D86FB3 /* SceneDelegateTests.swift */ = {isa = PBXFileReference; lastKnownFileType = sourcecode.swift; path = SceneDelegateTests.swift; sourceTree = "<group>"; };
		4AA394C62CBC0E2200D86FB3 /* MasterCoordinatorTests.swift */ = {isa = PBXFileReference; lastKnownFileType = sourcecode.swift; path = MasterCoordinatorTests.swift; sourceTree = "<group>"; };
		4AA394C82CBC10C500D86FB3 /* LoginViewModel.swift */ = {isa = PBXFileReference; lastKnownFileType = sourcecode.swift; path = LoginViewModel.swift; sourceTree = "<group>"; };
		4AA394CD2CBC1BC900D86FB3 /* LoginViewModelTests.swift */ = {isa = PBXFileReference; lastKnownFileType = sourcecode.swift; path = LoginViewModelTests.swift; sourceTree = "<group>"; };
		4AA394D02CBC1D3F00D86FB3 /* MockLoginViewModel.swift */ = {isa = PBXFileReference; lastKnownFileType = sourcecode.swift; path = MockLoginViewModel.swift; sourceTree = "<group>"; };
		4AA394D22CBC1DA900D86FB3 /* LoginViewControllerTests.swift */ = {isa = PBXFileReference; lastKnownFileType = sourcecode.swift; path = LoginViewControllerTests.swift; sourceTree = "<group>"; };
/* End PBXFileReference section */

/* Begin PBXFrameworksBuildPhase section */
		4AA394712CBBF03700D86FB3 /* Frameworks */ = {
			isa = PBXFrameworksBuildPhase;
			buildActionMask = 2147483647;
			files = (
			);
			runOnlyForDeploymentPostprocessing = 0;
		};
		4AA394872CBBF03B00D86FB3 /* Frameworks */ = {
			isa = PBXFrameworksBuildPhase;
			buildActionMask = 2147483647;
			files = (
			);
			runOnlyForDeploymentPostprocessing = 0;
		};
/* End PBXFrameworksBuildPhase section */

/* Begin PBXGroup section */
		4AA3946B2CBBF03700D86FB3 = {
			isa = PBXGroup;
			children = (
				4AA394762CBBF03700D86FB3 /* Jobseek */,
				4AA3948D2CBBF03B00D86FB3 /* JobseekTests */,
				4AA394752CBBF03700D86FB3 /* Products */,
			);
			sourceTree = "<group>";
		};
		4AA394752CBBF03700D86FB3 /* Products */ = {
			isa = PBXGroup;
			children = (
				4AA394742CBBF03700D86FB3 /* Jobseek.app */,
				4AA3948A2CBBF03B00D86FB3 /* JobseekTests.xctest */,
			);
			name = Products;
			sourceTree = "<group>";
		};
		4AA394762CBBF03700D86FB3 /* Jobseek */ = {
			isa = PBXGroup;
			children = (
				4AA394AE2CBBF4C100D86FB3 /* Scenes */,
				4AA394AB2CBBF4A200D86FB3 /* Coordinator */,
				4AA394A82CBBF2E600D86FB3 /* Shared */,
				4AA394772CBBF03700D86FB3 /* AppDelegate.swift */,
				4AA394792CBBF03700D86FB3 /* SceneDelegate.swift */,
				4AA394802CBBF03B00D86FB3 /* Assets.xcassets */,
				4AA394822CBBF03B00D86FB3 /* LaunchScreen.storyboard */,
				4AA394852CBBF03B00D86FB3 /* Info.plist */,
				4AA394B42CBBF50300D86FB3 /* Localizable.xcstrings */,
			);
			path = Jobseek;
			sourceTree = "<group>";
		};
		4AA3948D2CBBF03B00D86FB3 /* JobseekTests */ = {
			isa = PBXGroup;
			children = (
				4AA394C02CBC0DC200D86FB3 /* Mocks */,
				4AA394CA2CBC1B8F00D86FB3 /* Coordinator */,
				4AA394CB2CBC1BA800D86FB3 /* Scenes */,
				4AA394C42CBC0E0B00D86FB3 /* SceneDelegateTests.swift */,
			);
			path = JobseekTests;
			sourceTree = "<group>";
		};
		4AA394A82CBBF2E600D86FB3 /* Shared */ = {
			isa = PBXGroup;
			children = (
				4AA394A92CBBF2FC00D86FB3 /* UIFont+Extension.swift */,
				4AA394B22CBBF4E100D86FB3 /* String+Extension.swift */,
				4AA394B62CBBF5BE00D86FB3 /* JSTextField.swift */,
				4AA394BA2CBBF5EA00D86FB3 /* JSPrimaryButton.swift */,
				4AA394B82CBBF5D000D86FB3 /* JSSecondaryButton.swift */,
			);
			path = Shared;
			sourceTree = "<group>";
		};
		4AA394AB2CBBF4A200D86FB3 /* Coordinator */ = {
			isa = PBXGroup;
			children = (
				4AA394AC2CBBF4AE00D86FB3 /* MasterCoordinator.swift */,
			);
			path = Coordinator;
			sourceTree = "<group>";
		};
		4AA394AE2CBBF4C100D86FB3 /* Scenes */ = {
			isa = PBXGroup;
			children = (
				4AA394AF2CBBF4C800D86FB3 /* Login */,
			);
			path = Scenes;
			sourceTree = "<group>";
		};
		4AA394AF2CBBF4C800D86FB3 /* Login */ = {
			isa = PBXGroup;
			children = (
				4AA394B02CBBF4CF00D86FB3 /* LoginView.swift */,
				4AA394BC2CBBF60C00D86FB3 /* LoginViewController.swift */,
				4AA394C82CBC10C500D86FB3 /* LoginViewModel.swift */,
			);
			path = Login;
			sourceTree = "<group>";
		};
		4AA394C02CBC0DC200D86FB3 /* Mocks */ = {
			isa = PBXGroup;
			children = (
				4AA394CF2CBC1D3500D86FB3 /* Scenes */,
				4AA394C32CBC0DFC00D86FB3 /* Coordinator */,
			);
			path = Mocks;
			sourceTree = "<group>";
		};
		4AA394C32CBC0DFC00D86FB3 /* Coordinator */ = {
			isa = PBXGroup;
			children = (
				4AA394C12CBC0DE700D86FB3 /* MockMasterCoordinator.swift */,
			);
			path = Coordinator;
			sourceTree = "<group>";
		};
		4AA394CA2CBC1B8F00D86FB3 /* Coordinator */ = {
			isa = PBXGroup;
			children = (
				4AA394C62CBC0E2200D86FB3 /* MasterCoordinatorTests.swift */,
			);
			path = Coordinator;
			sourceTree = "<group>";
		};
		4AA394CB2CBC1BA800D86FB3 /* Scenes */ = {
			isa = PBXGroup;
			children = (
				4AA394CD2CBC1BC900D86FB3 /* LoginViewModelTests.swift */,
				4AA394D22CBC1DA900D86FB3 /* LoginViewControllerTests.swift */,
			);
			path = Scenes;
			sourceTree = "<group>";
		};
		4AA394CF2CBC1D3500D86FB3 /* Scenes */ = {
			isa = PBXGroup;
			children = (
				4AA394D02CBC1D3F00D86FB3 /* MockLoginViewModel.swift */,
			);
			path = Scenes;
			sourceTree = "<group>";
		};
/* End PBXGroup section */

/* Begin PBXNativeTarget section */
		4AA394732CBBF03700D86FB3 /* Jobseek */ = {
			isa = PBXNativeTarget;
			buildConfigurationList = 4AA3949E2CBBF03B00D86FB3 /* Build configuration list for PBXNativeTarget "Jobseek" */;
			buildPhases = (
				4AA394702CBBF03700D86FB3 /* Sources */,
				4AA394712CBBF03700D86FB3 /* Frameworks */,
				4AA394722CBBF03700D86FB3 /* Resources */,
			);
			buildRules = (
			);
			dependencies = (
			);
			name = Jobseek;
			productName = Jobseek;
			productReference = 4AA394742CBBF03700D86FB3 /* Jobseek.app */;
			productType = "com.apple.product-type.application";
		};
		4AA394892CBBF03B00D86FB3 /* JobseekTests */ = {
			isa = PBXNativeTarget;
			buildConfigurationList = 4AA394A12CBBF03B00D86FB3 /* Build configuration list for PBXNativeTarget "JobseekTests" */;
			buildPhases = (
				4AA394862CBBF03B00D86FB3 /* Sources */,
				4AA394872CBBF03B00D86FB3 /* Frameworks */,
				4AA394882CBBF03B00D86FB3 /* Resources */,
			);
			buildRules = (
			);
			dependencies = (
				4AA3948C2CBBF03B00D86FB3 /* PBXTargetDependency */,
			);
			name = JobseekTests;
			productName = JobseekTests;
			productReference = 4AA3948A2CBBF03B00D86FB3 /* JobseekTests.xctest */;
			productType = "com.apple.product-type.bundle.unit-test";
		};
/* End PBXNativeTarget section */

/* Begin PBXProject section */
		4AA3946C2CBBF03700D86FB3 /* Project object */ = {
			isa = PBXProject;
			attributes = {
				BuildIndependentTargetsInParallel = 1;
				LastSwiftUpdateCheck = 1540;
				LastUpgradeCheck = 1540;
				TargetAttributes = {
					4AA394732CBBF03700D86FB3 = {
						CreatedOnToolsVersion = 15.4;
					};
					4AA394892CBBF03B00D86FB3 = {
						CreatedOnToolsVersion = 15.4;
						LastSwiftMigration = 1540;
						TestTargetID = 4AA394732CBBF03700D86FB3;
					};
				};
			};
			buildConfigurationList = 4AA3946F2CBBF03700D86FB3 /* Build configuration list for PBXProject "Jobseek" */;
			compatibilityVersion = "Xcode 14.0";
			developmentRegion = en;
			hasScannedForEncodings = 0;
			knownRegions = (
				en,
				Base,
			);
			mainGroup = 4AA3946B2CBBF03700D86FB3;
			productRefGroup = 4AA394752CBBF03700D86FB3 /* Products */;
			projectDirPath = "";
			projectRoot = "";
			targets = (
				4AA394732CBBF03700D86FB3 /* Jobseek */,
				4AA394892CBBF03B00D86FB3 /* JobseekTests */,
			);
		};
/* End PBXProject section */

/* Begin PBXResourcesBuildPhase section */
		4AA394722CBBF03700D86FB3 /* Resources */ = {
			isa = PBXResourcesBuildPhase;
			buildActionMask = 2147483647;
			files = (
				4AA394812CBBF03B00D86FB3 /* Assets.xcassets in Resources */,
				4AA394842CBBF03B00D86FB3 /* Base in Resources */,
				4AA394B52CBBF50300D86FB3 /* Localizable.xcstrings in Resources */,
			);
			runOnlyForDeploymentPostprocessing = 0;
		};
		4AA394882CBBF03B00D86FB3 /* Resources */ = {
			isa = PBXResourcesBuildPhase;
			buildActionMask = 2147483647;
			files = (
			);
			runOnlyForDeploymentPostprocessing = 0;
		};
/* End PBXResourcesBuildPhase section */

/* Begin PBXSourcesBuildPhase section */
		4AA394702CBBF03700D86FB3 /* Sources */ = {
			isa = PBXSourcesBuildPhase;
			buildActionMask = 2147483647;
			files = (
				4AA394B72CBBF5BE00D86FB3 /* JSTextField.swift in Sources */,
				4AA394BB2CBBF5EA00D86FB3 /* JSPrimaryButton.swift in Sources */,
				4AA394C92CBC10C500D86FB3 /* LoginViewModel.swift in Sources */,
				4AA394782CBBF03700D86FB3 /* AppDelegate.swift in Sources */,
				4AA394AA2CBBF2FC00D86FB3 /* UIFont+Extension.swift in Sources */,
				4AA394B92CBBF5D000D86FB3 /* JSSecondaryButton.swift in Sources */,
				4AA394AD2CBBF4AE00D86FB3 /* MasterCoordinator.swift in Sources */,
				4AA394B12CBBF4CF00D86FB3 /* LoginView.swift in Sources */,
				4AA394B32CBBF4E100D86FB3 /* String+Extension.swift in Sources */,
				4AA394BD2CBBF60C00D86FB3 /* LoginViewController.swift in Sources */,
				4AA3947A2CBBF03700D86FB3 /* SceneDelegate.swift in Sources */,
			);
			runOnlyForDeploymentPostprocessing = 0;
		};
		4AA394862CBBF03B00D86FB3 /* Sources */ = {
			isa = PBXSourcesBuildPhase;
			buildActionMask = 2147483647;
			files = (
				4AA394D32CBC1DA900D86FB3 /* LoginViewControllerTests.swift in Sources */,
				4AA394CE2CBC1BC900D86FB3 /* LoginViewModelTests.swift in Sources */,
				4AA394C22CBC0DE700D86FB3 /* MockMasterCoordinator.swift in Sources */,
				4AA394C52CBC0E0B00D86FB3 /* SceneDelegateTests.swift in Sources */,
				4AA394C72CBC0E2200D86FB3 /* MasterCoordinatorTests.swift in Sources */,
				4AA394D12CBC1D3F00D86FB3 /* MockLoginViewModel.swift in Sources */,
			);
			runOnlyForDeploymentPostprocessing = 0;
		};
/* End PBXSourcesBuildPhase section */

/* Begin PBXTargetDependency section */
		4AA3948C2CBBF03B00D86FB3 /* PBXTargetDependency */ = {
			isa = PBXTargetDependency;
			target = 4AA394732CBBF03700D86FB3 /* Jobseek */;
			targetProxy = 4AA3948B2CBBF03B00D86FB3 /* PBXContainerItemProxy */;
		};
/* End PBXTargetDependency section */

/* Begin PBXVariantGroup section */
		4AA394822CBBF03B00D86FB3 /* LaunchScreen.storyboard */ = {
			isa = PBXVariantGroup;
			children = (
				4AA394832CBBF03B00D86FB3 /* Base */,
			);
			name = LaunchScreen.storyboard;
			sourceTree = "<group>";
		};
/* End PBXVariantGroup section */

/* Begin XCBuildConfiguration section */
		4AA3949C2CBBF03B00D86FB3 /* Debug */ = {
			isa = XCBuildConfiguration;
			buildSettings = {
				ALWAYS_SEARCH_USER_PATHS = NO;
				ASSETCATALOG_COMPILER_GENERATE_SWIFT_ASSET_SYMBOL_EXTENSIONS = YES;
				CLANG_ANALYZER_NONNULL = YES;
				CLANG_ANALYZER_NUMBER_OBJECT_CONVERSION = YES_AGGRESSIVE;
				CLANG_CXX_LANGUAGE_STANDARD = "gnu++20";
				CLANG_ENABLE_MODULES = YES;
				CLANG_ENABLE_OBJC_ARC = YES;
				CLANG_ENABLE_OBJC_WEAK = YES;
				CLANG_WARN_BLOCK_CAPTURE_AUTORELEASING = YES;
				CLANG_WARN_BOOL_CONVERSION = YES;
				CLANG_WARN_COMMA = YES;
				CLANG_WARN_CONSTANT_CONVERSION = YES;
				CLANG_WARN_DEPRECATED_OBJC_IMPLEMENTATIONS = YES;
				CLANG_WARN_DIRECT_OBJC_ISA_USAGE = YES_ERROR;
				CLANG_WARN_DOCUMENTATION_COMMENTS = YES;
				CLANG_WARN_EMPTY_BODY = YES;
				CLANG_WARN_ENUM_CONVERSION = YES;
				CLANG_WARN_INFINITE_RECURSION = YES;
				CLANG_WARN_INT_CONVERSION = YES;
				CLANG_WARN_NON_LITERAL_NULL_CONVERSION = YES;
				CLANG_WARN_OBJC_IMPLICIT_RETAIN_SELF = YES;
				CLANG_WARN_OBJC_LITERAL_CONVERSION = YES;
				CLANG_WARN_OBJC_ROOT_CLASS = YES_ERROR;
				CLANG_WARN_QUOTED_INCLUDE_IN_FRAMEWORK_HEADER = YES;
				CLANG_WARN_RANGE_LOOP_ANALYSIS = YES;
				CLANG_WARN_STRICT_PROTOTYPES = YES;
				CLANG_WARN_SUSPICIOUS_MOVE = YES;
				CLANG_WARN_UNGUARDED_AVAILABILITY = YES_AGGRESSIVE;
				CLANG_WARN_UNREACHABLE_CODE = YES;
				CLANG_WARN__DUPLICATE_METHOD_MATCH = YES;
				COPY_PHASE_STRIP = NO;
				DEBUG_INFORMATION_FORMAT = dwarf;
				ENABLE_STRICT_OBJC_MSGSEND = YES;
				ENABLE_TESTABILITY = YES;
				ENABLE_USER_SCRIPT_SANDBOXING = YES;
				GCC_C_LANGUAGE_STANDARD = gnu17;
				GCC_DYNAMIC_NO_PIC = NO;
				GCC_NO_COMMON_BLOCKS = YES;
				GCC_OPTIMIZATION_LEVEL = 0;
				GCC_PREPROCESSOR_DEFINITIONS = (
					"DEBUG=1",
					"$(inherited)",
				);
				GCC_WARN_64_TO_32_BIT_CONVERSION = YES;
				GCC_WARN_ABOUT_RETURN_TYPE = YES_ERROR;
				GCC_WARN_UNDECLARED_SELECTOR = YES;
				GCC_WARN_UNINITIALIZED_AUTOS = YES_AGGRESSIVE;
				GCC_WARN_UNUSED_FUNCTION = YES;
				GCC_WARN_UNUSED_VARIABLE = YES;
				IPHONEOS_DEPLOYMENT_TARGET = 15.0;
				LOCALIZATION_PREFERS_STRING_CATALOGS = YES;
				MTL_ENABLE_DEBUG_INFO = INCLUDE_SOURCE;
				MTL_FAST_MATH = YES;
				ONLY_ACTIVE_ARCH = YES;
				SDKROOT = iphoneos;
				SWIFT_ACTIVE_COMPILATION_CONDITIONS = "DEBUG $(inherited)";
				SWIFT_OPTIMIZATION_LEVEL = "-Onone";
			};
			name = Debug;
		};
		4AA3949D2CBBF03B00D86FB3 /* Release */ = {
			isa = XCBuildConfiguration;
			buildSettings = {
				ALWAYS_SEARCH_USER_PATHS = NO;
				ASSETCATALOG_COMPILER_GENERATE_SWIFT_ASSET_SYMBOL_EXTENSIONS = YES;
				CLANG_ANALYZER_NONNULL = YES;
				CLANG_ANALYZER_NUMBER_OBJECT_CONVERSION = YES_AGGRESSIVE;
				CLANG_CXX_LANGUAGE_STANDARD = "gnu++20";
				CLANG_ENABLE_MODULES = YES;
				CLANG_ENABLE_OBJC_ARC = YES;
				CLANG_ENABLE_OBJC_WEAK = YES;
				CLANG_WARN_BLOCK_CAPTURE_AUTORELEASING = YES;
				CLANG_WARN_BOOL_CONVERSION = YES;
				CLANG_WARN_COMMA = YES;
				CLANG_WARN_CONSTANT_CONVERSION = YES;
				CLANG_WARN_DEPRECATED_OBJC_IMPLEMENTATIONS = YES;
				CLANG_WARN_DIRECT_OBJC_ISA_USAGE = YES_ERROR;
				CLANG_WARN_DOCUMENTATION_COMMENTS = YES;
				CLANG_WARN_EMPTY_BODY = YES;
				CLANG_WARN_ENUM_CONVERSION = YES;
				CLANG_WARN_INFINITE_RECURSION = YES;
				CLANG_WARN_INT_CONVERSION = YES;
				CLANG_WARN_NON_LITERAL_NULL_CONVERSION = YES;
				CLANG_WARN_OBJC_IMPLICIT_RETAIN_SELF = YES;
				CLANG_WARN_OBJC_LITERAL_CONVERSION = YES;
				CLANG_WARN_OBJC_ROOT_CLASS = YES_ERROR;
				CLANG_WARN_QUOTED_INCLUDE_IN_FRAMEWORK_HEADER = YES;
				CLANG_WARN_RANGE_LOOP_ANALYSIS = YES;
				CLANG_WARN_STRICT_PROTOTYPES = YES;
				CLANG_WARN_SUSPICIOUS_MOVE = YES;
				CLANG_WARN_UNGUARDED_AVAILABILITY = YES_AGGRESSIVE;
				CLANG_WARN_UNREACHABLE_CODE = YES;
				CLANG_WARN__DUPLICATE_METHOD_MATCH = YES;
				COPY_PHASE_STRIP = NO;
				DEBUG_INFORMATION_FORMAT = "dwarf-with-dsym";
				ENABLE_NS_ASSERTIONS = NO;
				ENABLE_STRICT_OBJC_MSGSEND = YES;
				ENABLE_USER_SCRIPT_SANDBOXING = YES;
				GCC_C_LANGUAGE_STANDARD = gnu17;
				GCC_NO_COMMON_BLOCKS = YES;
				GCC_WARN_64_TO_32_BIT_CONVERSION = YES;
				GCC_WARN_ABOUT_RETURN_TYPE = YES_ERROR;
				GCC_WARN_UNDECLARED_SELECTOR = YES;
				GCC_WARN_UNINITIALIZED_AUTOS = YES_AGGRESSIVE;
				GCC_WARN_UNUSED_FUNCTION = YES;
				GCC_WARN_UNUSED_VARIABLE = YES;
				IPHONEOS_DEPLOYMENT_TARGET = 15.0;
				LOCALIZATION_PREFERS_STRING_CATALOGS = YES;
				MTL_ENABLE_DEBUG_INFO = NO;
				MTL_FAST_MATH = YES;
				SDKROOT = iphoneos;
				SWIFT_COMPILATION_MODE = wholemodule;
				VALIDATE_PRODUCT = YES;
			};
			name = Release;
		};
		4AA3949F2CBBF03B00D86FB3 /* Debug */ = {
			isa = XCBuildConfiguration;
			buildSettings = {
				ASSETCATALOG_COMPILER_APPICON_NAME = AppIcon;
				ASSETCATALOG_COMPILER_GLOBAL_ACCENT_COLOR_NAME = backgroundBrand;
				CODE_SIGN_STYLE = Automatic;
				CURRENT_PROJECT_VERSION = 1;
				DEVELOPMENT_TEAM = 5UACY4V6X4;
				GENERATE_INFOPLIST_FILE = YES;
				INFOPLIST_FILE = Jobseek/Info.plist;
				INFOPLIST_KEY_UIApplicationSupportsIndirectInputEvents = YES;
				INFOPLIST_KEY_UILaunchStoryboardName = LaunchScreen;
				INFOPLIST_KEY_UISupportedInterfaceOrientations = UIInterfaceOrientationPortrait;
				INFOPLIST_KEY_UISupportedInterfaceOrientations_iPad = "UIInterfaceOrientationLandscapeLeft UIInterfaceOrientationLandscapeRight UIInterfaceOrientationPortrait UIInterfaceOrientationPortraitUpsideDown";
				LD_RUNPATH_SEARCH_PATHS = (
					"$(inherited)",
					"@executable_path/Frameworks",
				);
				MARKETING_VERSION = 1.0;
				PRODUCT_BUNDLE_IDENTIFIER = my.com.jobstreet.Jobseek;
				PRODUCT_NAME = "$(TARGET_NAME)";
				SUPPORTED_PLATFORMS = "iphoneos iphonesimulator";
				SUPPORTS_MACCATALYST = NO;
				SUPPORTS_MAC_DESIGNED_FOR_IPHONE_IPAD = NO;
				SUPPORTS_XR_DESIGNED_FOR_IPHONE_IPAD = NO;
				SWIFT_EMIT_LOC_STRINGS = YES;
				SWIFT_VERSION = 5.0;
				TARGETED_DEVICE_FAMILY = 1;
			};
			name = Debug;
		};
		4AA394A02CBBF03B00D86FB3 /* Release */ = {
			isa = XCBuildConfiguration;
			buildSettings = {
				ASSETCATALOG_COMPILER_APPICON_NAME = AppIcon;
				ASSETCATALOG_COMPILER_GLOBAL_ACCENT_COLOR_NAME = backgroundBrand;
				CODE_SIGN_STYLE = Automatic;
				CURRENT_PROJECT_VERSION = 1;
				DEVELOPMENT_TEAM = 5UACY4V6X4;
				GENERATE_INFOPLIST_FILE = YES;
				INFOPLIST_FILE = Jobseek/Info.plist;
				INFOPLIST_KEY_UIApplicationSupportsIndirectInputEvents = YES;
				INFOPLIST_KEY_UILaunchStoryboardName = LaunchScreen;
				INFOPLIST_KEY_UISupportedInterfaceOrientations = UIInterfaceOrientationPortrait;
				INFOPLIST_KEY_UISupportedInterfaceOrientations_iPad = "UIInterfaceOrientationLandscapeLeft UIInterfaceOrientationLandscapeRight UIInterfaceOrientationPortrait UIInterfaceOrientationPortraitUpsideDown";
				LD_RUNPATH_SEARCH_PATHS = (
					"$(inherited)",
					"@executable_path/Frameworks",
				);
				MARKETING_VERSION = 1.0;
				PRODUCT_BUNDLE_IDENTIFIER = my.com.jobstreet.Jobseek;
				PRODUCT_NAME = "$(TARGET_NAME)";
				SUPPORTED_PLATFORMS = "iphoneos iphonesimulator";
				SUPPORTS_MACCATALYST = NO;
				SUPPORTS_MAC_DESIGNED_FOR_IPHONE_IPAD = NO;
				SUPPORTS_XR_DESIGNED_FOR_IPHONE_IPAD = NO;
				SWIFT_EMIT_LOC_STRINGS = YES;
				SWIFT_VERSION = 5.0;
				TARGETED_DEVICE_FAMILY = 1;
			};
			name = Release;
		};
		4AA394A22CBBF03B00D86FB3 /* Debug */ = {
			isa = XCBuildConfiguration;
			buildSettings = {
				ALWAYS_EMBED_SWIFT_STANDARD_LIBRARIES = YES;
				BUNDLE_LOADER = "$(TEST_HOST)";
				CLANG_ENABLE_MODULES = YES;
				CODE_SIGN_STYLE = Automatic;
				CURRENT_PROJECT_VERSION = 1;
				DEVELOPMENT_TEAM = 5UACY4V6X4;
				GENERATE_INFOPLIST_FILE = YES;
				IPHONEOS_DEPLOYMENT_TARGET = 17.5;
				MARKETING_VERSION = 1.0;
				PRODUCT_BUNDLE_IDENTIFIER = my.com.jobstreet.JobseekTests;
				PRODUCT_NAME = "$(TARGET_NAME)";
				SWIFT_EMIT_LOC_STRINGS = NO;
				SWIFT_OPTIMIZATION_LEVEL = "-Onone";
				SWIFT_VERSION = 5.0;
				TARGETED_DEVICE_FAMILY = "1,2";
				TEST_HOST = "$(BUILT_PRODUCTS_DIR)/Jobseek.app/$(BUNDLE_EXECUTABLE_FOLDER_PATH)/Jobseek";
			};
			name = Debug;
		};
		4AA394A32CBBF03B00D86FB3 /* Release */ = {
			isa = XCBuildConfiguration;
			buildSettings = {
				ALWAYS_EMBED_SWIFT_STANDARD_LIBRARIES = YES;
				BUNDLE_LOADER = "$(TEST_HOST)";
				CLANG_ENABLE_MODULES = YES;
				CODE_SIGN_STYLE = Automatic;
				CURRENT_PROJECT_VERSION = 1;
				DEVELOPMENT_TEAM = 5UACY4V6X4;
				GENERATE_INFOPLIST_FILE = YES;
				IPHONEOS_DEPLOYMENT_TARGET = 17.5;
				MARKETING_VERSION = 1.0;
				PRODUCT_BUNDLE_IDENTIFIER = my.com.jobstreet.JobseekTests;
				PRODUCT_NAME = "$(TARGET_NAME)";
				SWIFT_EMIT_LOC_STRINGS = NO;
				SWIFT_VERSION = 5.0;
				TARGETED_DEVICE_FAMILY = "1,2";
				TEST_HOST = "$(BUILT_PRODUCTS_DIR)/Jobseek.app/$(BUNDLE_EXECUTABLE_FOLDER_PATH)/Jobseek";
			};
			name = Release;
		};
/* End XCBuildConfiguration section */

/* Begin XCConfigurationList section */
		4AA3946F2CBBF03700D86FB3 /* Build configuration list for PBXProject "Jobseek" */ = {
			isa = XCConfigurationList;
			buildConfigurations = (
				4AA3949C2CBBF03B00D86FB3 /* Debug */,
				4AA3949D2CBBF03B00D86FB3 /* Release */,
			);
			defaultConfigurationIsVisible = 0;
			defaultConfigurationName = Release;
		};
		4AA3949E2CBBF03B00D86FB3 /* Build configuration list for PBXNativeTarget "Jobseek" */ = {
			isa = XCConfigurationList;
			buildConfigurations = (
				4AA3949F2CBBF03B00D86FB3 /* Debug */,
				4AA394A02CBBF03B00D86FB3 /* Release */,
			);
			defaultConfigurationIsVisible = 0;
			defaultConfigurationName = Release;
		};
		4AA394A12CBBF03B00D86FB3 /* Build configuration list for PBXNativeTarget "JobseekTests" */ = {
			isa = XCConfigurationList;
			buildConfigurations = (
				4AA394A22CBBF03B00D86FB3 /* Debug */,
				4AA394A32CBBF03B00D86FB3 /* Release */,
			);
			defaultConfigurationIsVisible = 0;
			defaultConfigurationName = Release;
		};
/* End XCConfigurationList section */
	};
	rootObject = 4AA3946C2CBBF03700D86FB3 /* Project object */;
}
